
Microsoft Visual Studio Solution File, Format Version 11.00
# Visual Studio 2010
Project("{FAE04EC0-301F-11D3-BF4B-00C04F79EFBC}") = "Zenject", "Zenject.csproj", "{56724490-69ba-b6b9-07bd-0cbaeaf87ff6}"
EndProject
Project("{FAE04EC0-301F-11D3-BF4B-00C04F79EFBC}") = "UniTask", "UniTask.csproj", "{4cf55474-c3f5-3cd9-8501-25ba9077abe0}"
EndProject
Project("{FAE04EC0-301F-11D3-BF4B-00C04F79EFBC}") = "UniRx", "UniRx.csproj", "{4d5aff67-2d04-0419-ceda-0c304b62ccd3}"
EndProject
Project("{FAE04EC0-301F-11D3-BF4B-00C04F79EFBC}") = "Assembly-CSharp", "Assembly-CSharp.csproj", "{67a090ad-e2a7-998d-a783-76469293ed03}"
EndProject
Project("{FAE04EC0-301F-11D3-BF4B-00C04F79EFBC}") = "UniTask.Linq", "UniTask.Linq.csproj", "{70afed57-37bb-959c-440b-575063661663}"
EndProject
Project("{FAE04EC0-301F-11D3-BF4B-00C04F79EFBC}") = "UI", "UI.csproj", "{00dab971-0f9d-6703-fafd-2b95aa4a510d}"
EndProject
Project("{FAE04EC0-301F-11D3-BF4B-00C04F79EFBC}") = "Utils", "Utils.csproj", "{3902dfdc-eb9f-59c6-aa66-5efa7c70cb3b}"
EndProject
Project("{FAE04EC0-301F-11D3-BF4B-00C04F79EFBC}") = "Commands", "Commands.csproj", "{1ce8f416-467a-7000-6f37-f14b76e34fde}"
EndProject
Project("{FAE04EC0-301F-11D3-BF4B-00C04F79EFBC}") = "UniTask.DOTween", "UniTask.DOTween.csproj", "{652cf4b7-7448-04ae-c291-da094a84021a}"
EndProject
Project("{FAE04EC0-301F-11D3-BF4B-00C04F79EFBC}") = "Assembly-CSharp-firstpass", "Assembly-CSharp-firstpass.csproj", "{f6949e74-9790-c376-3b46-68559ba461ed}"
EndProject
Project("{FAE04EC0-301F-11D3-BF4B-00C04F79EFBC}") = "UniTask.TextMeshPro", "UniTask.TextMeshPro.csproj", "{bb5a62b2-9b09-90e5-979f-bd6f2467a699}"
EndProject
Project("{FAE04EC0-301F-11D3-BF4B-00C04F79EFBC}") = "Resourse.AssetManager", "Resourse.AssetManager.csproj", "{d711dfa4-fa23-7a93-e2d0-dafd78d28b16}"
EndProject
Project("{FAE04EC0-301F-11D3-BF4B-00C04F79EFBC}") = "UniTask.Addressables", "UniTask.Addressables.csproj", "{bdf31e24-18fd-01a0-4a43-06923f6dbd08}"
EndProject
Project("{FAE04EC0-301F-11D3-BF4B-00C04F79EFBC}") = "UniTask.Editor", "UniTask.Editor.csproj", "{85c40143-568b-350a-c49d-7cbbae139479}"
EndProject
Project("{FAE04EC0-301F-11D3-BF4B-00C04F79EFBC}") = "Zenject-Editor", "Zenject-Editor.csproj", "{4ff45cfd-bce9-a46b-13de-043505c64271}"
EndProject
Project("{FAE04EC0-301F-11D3-BF4B-00C04F79EFBC}") = "Assembly-CSharp-Editor", "Assembly-CSharp-Editor.csproj", "{7524f261-046c-8c5e-cecc-d9d1142ad27f}"
EndProject
Global
	GlobalSection(SolutionConfigurationPlatforms) = preSolution
		Debug|Any CPU = Debug|Any CPU
	EndGlobalSection
	GlobalSection(ProjectConfigurationPlatforms) = postSolution
		{56724490-69ba-b6b9-07bd-0cbaeaf87ff6}.Debug|Any CPU.ActiveCfg = Debug|Any CPU
		{56724490-69ba-b6b9-07bd-0cbaeaf87ff6}.Debug|Any CPU.Build.0 = Debug|Any CPU
		{4cf55474-c3f5-3cd9-8501-25ba9077abe0}.Debug|Any CPU.ActiveCfg = Debug|Any CPU
		{4cf55474-c3f5-3cd9-8501-25ba9077abe0}.Debug|Any CPU.Build.0 = Debug|Any CPU
		{4d5aff67-2d04-0419-ceda-0c304b62ccd3}.Debug|Any CPU.ActiveCfg = Debug|Any CPU
		{4d5aff67-2d04-0419-ceda-0c304b62ccd3}.Debug|Any CPU.Build.0 = Debug|Any CPU
		{67a090ad-e2a7-998d-a783-76469293ed03}.Debug|Any CPU.ActiveCfg = Debug|Any CPU
		{67a090ad-e2a7-998d-a783-76469293ed03}.Debug|Any CPU.Build.0 = Debug|Any CPU
		{70afed57-37bb-959c-440b-575063661663}.Debug|Any CPU.ActiveCfg = Debug|Any CPU
		{70afed57-37bb-959c-440b-575063661663}.Debug|Any CPU.Build.0 = Debug|Any CPU
		{00dab971-0f9d-6703-fafd-2b95aa4a510d}.Debug|Any CPU.ActiveCfg = Debug|Any CPU
		{00dab971-0f9d-6703-fafd-2b95aa4a510d}.Debug|Any CPU.Build.0 = Debug|Any CPU
		{3902dfdc-eb9f-59c6-aa66-5efa7c70cb3b}.Debug|Any CPU.ActiveCfg = Debug|Any CPU
		{3902dfdc-eb9f-59c6-aa66-5efa7c70cb3b}.Debug|Any CPU.Build.0 = Debug|Any CPU
		{1ce8f416-467a-7000-6f37-f14b76e34fde}.Debug|Any CPU.ActiveCfg = Debug|Any CPU
		{1ce8f416-467a-7000-6f37-f14b76e34fde}.Debug|Any CPU.Build.0 = Debug|Any CPU
		{652cf4b7-7448-04ae-c291-da094a84021a}.Debug|Any CPU.ActiveCfg = Debug|Any CPU
		{652cf4b7-7448-04ae-c291-da094a84021a}.Debug|Any CPU.Build.0 = Debug|Any CPU
		{f6949e74-9790-c376-3b46-68559ba461ed}.Debug|Any CPU.ActiveCfg = Debug|Any CPU
		{f6949e74-9790-c376-3b46-68559ba461ed}.Debug|Any CPU.Build.0 = Debug|Any CPU
		{bb5a62b2-9b09-90e5-979f-bd6f2467a699}.Debug|Any CPU.ActiveCfg = Debug|Any CPU
		{bb5a62b2-9b09-90e5-979f-bd6f2467a699}.Debug|Any CPU.Build.0 = Debug|Any CPU
		{d711dfa4-fa23-7a93-e2d0-dafd78d28b16}.Debug|Any CPU.ActiveCfg = Debug|Any CPU
		{d711dfa4-fa23-7a93-e2d0-dafd78d28b16}.Debug|Any CPU.Build.0 = Debug|Any CPU
		{bdf31e24-18fd-01a0-4a43-06923f6dbd08}.Debug|Any CPU.ActiveCfg = Debug|Any CPU
		{bdf31e24-18fd-01a0-4a43-06923f6dbd08}.Debug|Any CPU.Build.0 = Debug|Any CPU
		{85c40143-568b-350a-c49d-7cbbae139479}.Debug|Any CPU.ActiveCfg = Debug|Any CPU
		{85c40143-568b-350a-c49d-7cbbae139479}.Debug|Any CPU.Build.0 = Debug|Any CPU
		{4ff45cfd-bce9-a46b-13de-043505c64271}.Debug|Any CPU.ActiveCfg = Debug|Any CPU
		{4ff45cfd-bce9-a46b-13de-043505c64271}.Debug|Any CPU.Build.0 = Debug|Any CPU
		{7524f261-046c-8c5e-cecc-d9d1142ad27f}.Debug|Any CPU.ActiveCfg = Debug|Any CPU
		{7524f261-046c-8c5e-cecc-d9d1142ad27f}.Debug|Any CPU.Build.0 = Debug|Any CPU
	EndGlobalSection
	GlobalSection(SolutionProperties) = preSolution
		HideSolutionNode = FALSE
	EndGlobalSection
EndGlobal
